
Microsoft Visual Studio Solution File, Format Version 12.00
# Visual Studio 15
VisualStudioVersion = 15.0.28307.1525
MinimumVisualStudioVersion = 10.0.40219.1
Project("{FAE04EC0-301F-11D3-BF4B-00C04F79EFBC}") = "Algorithms4Learn", "Algorithms4Learn\Algorithms4Learn.csproj", "{C769DC24-2405-4364-97D9-7047584F886B}"
EndProject
Global
	GlobalSection(SolutionConfigurationPlatforms) = preSolution
		Debug|Any CPU = Debug|Any CPU
		Release|Any CPU = Release|Any CPU
	EndGlobalSection
	GlobalSection(ProjectConfigurationPlatforms) = postSolution
		{C769DC24-2405-4364-97D9-7047584F886B}.Debug|Any CPU.ActiveCfg = Debug|Any CPU
		{C769DC24-2405-4364-97D9-7047584F886B}.Debug|Any CPU.Build.0 = Debug|Any CPU
		{C769DC24-2405-4364-97D9-7047584F886B}.Release|Any CPU.ActiveCfg = Release|Any CPU
		{C769DC24-2405-4364-97D9-7047584F886B}.Release|Any CPU.Build.0 = Release|Any CPU
	EndGlobalSection
	GlobalSection(SolutionProperties) = preSolution
		HideSolutionNode = FALSE
	EndGlobalSection
	GlobalSection(ExtensibilityGlobals) = postSolution
		SolutionGuid = {1A3CFB5C-5A13-4835-ADAC-262E5A165D7A}
	EndGlobalSection
EndGlobal
